{
  "name": "@mason/tailwindcss-language-server",
  "version": "1.0.0",
  "lockfileVersion": 3,
  "requires": true,
  "packages": {
    "": {
      "name": "@mason/tailwindcss-language-server",
      "version": "1.0.0",
      "license": "ISC",
      "dependencies": {
        "@tailwindcss/language-server": "^0.0.20"
      }
    },
    "node_modules/@tailwindcss/language-server": {
      "version": "0.0.20",
      "resolved": "https://registry.npmjs.org/@tailwindcss/language-server/-/language-server-0.0.20.tgz",
      "integrity": "sha512-T8ZkTj8CXgpdtR4bQ6c1UAKv1EvO1WmT8HCNxidCfNczYR+T4my0hiqMbnTyyGV1cBzsMxdAdZtiopRsaG7+hA==",
      "license": "MIT",
      "bin": {
        "tailwindcss-language-server": "bin/tailwindcss-language-server"
      },
      "engines": {
        "node": ">=18.0.0"
      }
    }
  }
}
